
Microsoft Visual Studio Solution File, Format Version 12.00
# Visual Studio 15
VisualStudioVersion = 15.0.28307.645
MinimumVisualStudioVersion = 10.0.40219.1
Project("{FAE04EC0-301F-11D3-BF4B-00C04F79EFBC}") = "Exercicio_Parte2_12", "Exercicio_Parte2_12\Exercicio_Parte2_12.csproj", "{246A04F9-8ECE-4C4D-AA7A-AF0F9CB73196}"
EndProject
Global
	GlobalSection(SolutionConfigurationPlatforms) = preSolution
		Debug|Any CPU = Debug|Any CPU
		Release|Any CPU = Release|Any CPU
	EndGlobalSection
	GlobalSection(ProjectConfigurationPlatforms) = postSolution
		{246A04F9-8ECE-4C4D-AA7A-AF0F9CB73196}.Debug|Any CPU.ActiveCfg = Debug|Any CPU
		{246A04F9-8ECE-4C4D-AA7A-AF0F9CB73196}.Debug|Any CPU.Build.0 = Debug|Any CPU
		{246A04F9-8ECE-4C4D-AA7A-AF0F9CB73196}.Release|Any CPU.ActiveCfg = Release|Any CPU
		{246A04F9-8ECE-4C4D-AA7A-AF0F9CB73196}.Release|Any CPU.Build.0 = Release|Any CPU
	EndGlobalSection
	GlobalSection(SolutionProperties) = preSolution
		HideSolutionNode = FALSE
	EndGlobalSection
	GlobalSection(ExtensibilityGlobals) = postSolution
		SolutionGuid = {17E099CF-8E93-4791-9EE4-EF87795F8706}
	EndGlobalSection
EndGlobal
